{
  "name": "BAT-js",
  "lockfileVersion": 2,
  "requires": true,
  "packages": {
    "": {
      "dependencies": {
        "argparse": "^2.0.1",
        "onnxruntime-node": "^1.12.1"
      }
    },
    "node_modules/argparse": {
      "version": "2.0.1",
      "resolved": "https://registry.npmjs.org/argparse/-/argparse-2.0.1.tgz",
      "integrity": "sha512-8+9WqebbFzpX9OR+Wa6O29asIogeRMzcGtAINdpMHHyAg10f05aSFVBbcEqGf/PXw1EjAZ+q2/bEBg3DvurK3Q=="
    },
    "node_modules/onnxruntime-common": {
      "version": "1.12.1",
      "resolved": "https://registry.npmjs.org/onnxruntime-common/-/onnxruntime-common-1.12.1.tgz",
      "integrity": "sha512-tWr/9nkQtzc61SH6zSE+3j2/HWBLgVcrXqS5HqQFitJ6hYNmNDcXwV2LYtFDH6CB9Qg987BMMv0ldaDUdB78VA=="
    },
    "node_modules/onnxruntime-node": {
      "version": "1.12.1",
      "resolved": "https://registry.npmjs.org/onnxruntime-node/-/onnxruntime-node-1.12.1.tgz",
      "integrity": "sha512-H06kB4tRcZf93YDipL2nG5Oqs8WGhZzpWMgWUhH8r6ciGTZ85JrZpHuqRIabTS6Rls/IjbnBcrPXYPZnSgXqkQ==",
      "os": [
        "win32",
        "darwin",
        "linux"
      ],
      "dependencies": {
        "onnxruntime-common": "~1.12.1"
      }
    }
  },
  "dependencies": {
    "argparse": {
      "version": "2.0.1",
      "resolved": "https://registry.npmjs.org/argparse/-/argparse-2.0.1.tgz",
      "integrity": "sha512-8+9WqebbFzpX9OR+Wa6O29asIogeRMzcGtAINdpMHHyAg10f05aSFVBbcEqGf/PXw1EjAZ+q2/bEBg3DvurK3Q=="
    },
    "onnxruntime-common": {
      "version": "1.12.1",
      "resolved": "https://registry.npmjs.org/onnxruntime-common/-/onnxruntime-common-1.12.1.tgz",
      "integrity": "sha512-tWr/9nkQtzc61SH6zSE+3j2/HWBLgVcrXqS5HqQFitJ6hYNmNDcXwV2LYtFDH6CB9Qg987BMMv0ldaDUdB78VA=="
    },
    "onnxruntime-node": {
      "version": "1.12.1",
      "resolved": "https://registry.npmjs.org/onnxruntime-node/-/onnxruntime-node-1.12.1.tgz",
      "integrity": "sha512-H06kB4tRcZf93YDipL2nG5Oqs8WGhZzpWMgWUhH8r6ciGTZ85JrZpHuqRIabTS6Rls/IjbnBcrPXYPZnSgXqkQ==",
      "requires": {
        "onnxruntime-common": "~1.12.1"
      }
    }
  }
}
